# novo.lock — auto-generated by novo pkg, do not edit

[form-nv]
source = "registry"
url = "https://registry.novo-lang.org"
req = "^0.0.1"
version = "0.0.1"
hash = "b466d2dacc8dd749cf7ba6ad3f8621757ece0b3b923dfd5981eebb219cfa0df5"

[mime-nv]
source = "registry"
url = "https://registry.novo-lang.org"
req = "^0.0.1"
version = "0.0.1"
hash = "679b7e6ac36a9adc2e4b00f0efef996295c5879eb00a8e16d4ea554c7fe518e2"
